
Microsoft Visual Studio Solution File, Format Version 12.00
# Visual Studio Version 17
VisualStudioVersion = 17.4.33110.190
MinimumVisualStudioVersion = 10.0.40219.1
Project("{FAE04EC0-301F-11D3-BF4B-00C04F79EFBC}") = "examen-rcc", "examen-rcc.csproj", "{D86BC572-EB85-48DD-A14F-458912CECA94}"
EndProject
Global
	GlobalSection(SolutionConfigurationPlatforms) = preSolution
		Debug|Any CPU = Debug|Any CPU
		Release|Any CPU = Release|Any CPU
	EndGlobalSection
	GlobalSection(ProjectConfigurationPlatforms) = postSolution
		{D86BC572-EB85-48DD-A14F-458912CECA94}.Debug|Any CPU.ActiveCfg = Debug|Any CPU
		{D86BC572-EB85-48DD-A14F-458912CECA94}.Debug|Any CPU.Build.0 = Debug|Any CPU
		{D86BC572-EB85-48DD-A14F-458912CECA94}.Release|Any CPU.ActiveCfg = Release|Any CPU
		{D86BC572-EB85-48DD-A14F-458912CECA94}.Release|Any CPU.Build.0 = Release|Any CPU
	EndGlobalSection
	GlobalSection(SolutionProperties) = preSolution
		HideSolutionNode = FALSE
	EndGlobalSection
	GlobalSection(ExtensibilityGlobals) = postSolution
		SolutionGuid = {A996C2CA-5C6C-4637-B262-75ACDD524DED}
	EndGlobalSection
EndGlobal
